
Microsoft Visual Studio Solution File, Format Version 12.00
# Visual Studio Version 16
VisualStudioVersion = 16.0.30114.105
MinimumVisualStudioVersion = 10.0.40219.1
Project("{FAE04EC0-301F-11D3-BF4B-00C04F79EFBC}") = "Polar-api", "Polar-api\Polar-api.csproj", "{711A7FFE-2879-4146-B769-B2F5626AF401}"
EndProject
Project("{FAE04EC0-301F-11D3-BF4B-00C04F79EFBC}") = "Polar-api.Tests", "Polar-api.Tests\Polar-api.Tests.csproj", "{58736D87-3DF0-410B-ABCE-37287483E23F}"
EndProject
Global
	GlobalSection(SolutionConfigurationPlatforms) = preSolution
		Debug|Any CPU = Debug|Any CPU
		Debug|x64 = Debug|x64
		Debug|x86 = Debug|x86
		Release|Any CPU = Release|Any CPU
		Release|x64 = Release|x64
		Release|x86 = Release|x86
	EndGlobalSection
	GlobalSection(SolutionProperties) = preSolution
		HideSolutionNode = FALSE
	EndGlobalSection
	GlobalSection(ProjectConfigurationPlatforms) = postSolution
		{711A7FFE-2879-4146-B769-B2F5626AF401}.Debug|Any CPU.ActiveCfg = Debug|Any CPU
		{711A7FFE-2879-4146-B769-B2F5626AF401}.Debug|Any CPU.Build.0 = Debug|Any CPU
		{711A7FFE-2879-4146-B769-B2F5626AF401}.Debug|x64.ActiveCfg = Debug|Any CPU
		{711A7FFE-2879-4146-B769-B2F5626AF401}.Debug|x64.Build.0 = Debug|Any CPU
		{711A7FFE-2879-4146-B769-B2F5626AF401}.Debug|x86.ActiveCfg = Debug|Any CPU
		{711A7FFE-2879-4146-B769-B2F5626AF401}.Debug|x86.Build.0 = Debug|Any CPU
		{711A7FFE-2879-4146-B769-B2F5626AF401}.Release|Any CPU.ActiveCfg = Release|Any CPU
		{711A7FFE-2879-4146-B769-B2F5626AF401}.Release|Any CPU.Build.0 = Release|Any CPU
		{711A7FFE-2879-4146-B769-B2F5626AF401}.Release|x64.ActiveCfg = Release|Any CPU
		{711A7FFE-2879-4146-B769-B2F5626AF401}.Release|x64.Build.0 = Release|Any CPU
		{711A7FFE-2879-4146-B769-B2F5626AF401}.Release|x86.ActiveCfg = Release|Any CPU
		{711A7FFE-2879-4146-B769-B2F5626AF401}.Release|x86.Build.0 = Release|Any CPU
		{58736D87-3DF0-410B-ABCE-37287483E23F}.Debug|Any CPU.ActiveCfg = Debug|Any CPU
		{58736D87-3DF0-410B-ABCE-37287483E23F}.Debug|Any CPU.Build.0 = Debug|Any CPU
		{58736D87-3DF0-410B-ABCE-37287483E23F}.Debug|x64.ActiveCfg = Debug|Any CPU
		{58736D87-3DF0-410B-ABCE-37287483E23F}.Debug|x64.Build.0 = Debug|Any CPU
		{58736D87-3DF0-410B-ABCE-37287483E23F}.Debug|x86.ActiveCfg = Debug|Any CPU
		{58736D87-3DF0-410B-ABCE-37287483E23F}.Debug|x86.Build.0 = Debug|Any CPU
		{58736D87-3DF0-410B-ABCE-37287483E23F}.Release|Any CPU.ActiveCfg = Release|Any CPU
		{58736D87-3DF0-410B-ABCE-37287483E23F}.Release|Any CPU.Build.0 = Release|Any CPU
		{58736D87-3DF0-410B-ABCE-37287483E23F}.Release|x64.ActiveCfg = Release|Any CPU
		{58736D87-3DF0-410B-ABCE-37287483E23F}.Release|x64.Build.0 = Release|Any CPU
		{58736D87-3DF0-410B-ABCE-37287483E23F}.Release|x86.ActiveCfg = Release|Any CPU
		{58736D87-3DF0-410B-ABCE-37287483E23F}.Release|x86.Build.0 = Release|Any CPU
	EndGlobalSection
EndGlobal
